# This file was autogenerated by Stack.
# You should not edit this file by hand.
# For more information, please see the documentation at:
#   https://docs.haskellstack.org/en/stable/lock_files

snapshots:
- original: nightly-2022-01-04
  completed:
    url: https://raw.githubusercontent.com/commercialhaskell/stackage-snapshots/master/nightly/2022/1/4.yaml
    sha256: ea584edfba307b5a88b51fc1db7c0c1b7da5f714fd30d69699fc78e3e1ce5212
    size: 623654
packages:
- original:
    hackage: path-0.9.2
  completed:
    pantry-tree:
      sha256: 2acf94a62daeeb0aee9b77d044ece55b5e03445b574e6980a2e84a5a514f5517
      size: 1206
    hackage: path-0.9.2@sha256:2f2a7f01737cd350b30381b619e1a862601c83f10ede4d6935f76f66e63ae0c7,3273
