# This file was autogenerated by Stack.
# You should not edit this file by hand.
# For more information, please see the documentation at:
#   https://docs.haskellstack.org/en/stable/lock_files

snapshots:
- original: nightly-2021-07-09
  completed:
    sha256: ce06cd8d59421f17deeb8480ae33d76c67121599fcb6ef90ee48295b82c52668
    url: https://raw.githubusercontent.com/commercialhaskell/stackage-snapshots/master/nightly/2021/7/9.yaml
    size: 545913
packages: []
